# Variant of deploy_policy_temporal_keyframe.yml pointing at the put_back_block checkpoint
# (manager=rmbench_temporal_keyframe, task_names=[put_back_block], 100 epochs, trained
# 2026-08-09). Needs manager.task_names in config_overrides since put_back_block is not that
# manager config's default (swap_T is).
policy_name: null
task_name: null
task_config: null
ckpt_setting: null
seed: null
instruction_type: unseen

sir_repo_path: /mnt/projects/Temporal_Scene_Graphs/sir_rmbench/temporal_scene_graphs
checkpoint: /mnt/projects/Temporal_Scene_Graphs/temporal_scene_graphs/logs/robomme/2026-08-09/17-00-54
checkpoint_epoch: 100
device: null
execute_horizon: 64
use_ema: true
use_graph: true
config_overrides: ["manager=rmbench_temporal_keyframe", "manager.task_names=[put_back_block]"]
